
Microsoft Visual Studio Solution File, Format Version 12.00
# Visual Studio 15
VisualStudioVersion = 15.0.28307.271
MinimumVisualStudioVersion = 10.0.40219.1
Project("{FAE04EC0-301F-11D3-BF4B-00C04F79EFBC}") = "scrapping_with_kuto", "scrapping_with_kuto\scrapping_with_kuto.csproj", "{058AF09C-C162-405C-91AF-1D41271D0FC7}"
EndProject
Project("{54435603-DBB4-11D2-8724-00A0C9A8B90C}") = "Biocapper_setup", "Biocapper_setup\Biocapper_setup.vdproj", "{A415221B-C58C-43E9-B39B-67B1F65E4689}"
EndProject
Global
	GlobalSection(SolutionConfigurationPlatforms) = preSolution
		Debug|Any CPU = Debug|Any CPU
		Release|Any CPU = Release|Any CPU
	EndGlobalSection
	GlobalSection(ProjectConfigurationPlatforms) = postSolution
		{058AF09C-C162-405C-91AF-1D41271D0FC7}.Debug|Any CPU.ActiveCfg = Debug|Any CPU
		{058AF09C-C162-405C-91AF-1D41271D0FC7}.Debug|Any CPU.Build.0 = Debug|Any CPU
		{058AF09C-C162-405C-91AF-1D41271D0FC7}.Release|Any CPU.ActiveCfg = Release|Any CPU
		{058AF09C-C162-405C-91AF-1D41271D0FC7}.Release|Any CPU.Build.0 = Release|Any CPU
		{A415221B-C58C-43E9-B39B-67B1F65E4689}.Debug|Any CPU.ActiveCfg = Debug
		{A415221B-C58C-43E9-B39B-67B1F65E4689}.Release|Any CPU.ActiveCfg = Release
	EndGlobalSection
	GlobalSection(SolutionProperties) = preSolution
		HideSolutionNode = FALSE
	EndGlobalSection
	GlobalSection(ExtensibilityGlobals) = postSolution
		SolutionGuid = {61BEB841-3113-4E27-8FB3-92F66C10F86E}
	EndGlobalSection
EndGlobal
